// !$*UTF8*$!
{
	archiveVersion = 1;
	classes = {
	};
	objectVersion = 56;
	objects = {

/* Begin PBXBuildFile section */
		3962D7B62BD6012C003C6581 /* AppDelegate.m in Sources */ = {isa = PBXBuildFile; fileRef = 3962D7B52BD6012C003C6581 /* AppDelegate.m */; };
		3962D7B92BD6012C003C6581 /* SceneDelegate.m in Sources */ = {isa = PBXBuildFile; fileRef = 3962D7B82BD6012C003C6581 /* SceneDelegate.m */; };
		3962D7BC2BD6012C003C6581 /* ViewController.m in Sources */ = {isa = PBXBuildFile; fileRef = 3962D7BB2BD6012C003C6581 /* ViewController.m */; };
		3962D7BF2BD6012C003C6581 /* Main.storyboard in Resources */ = {isa = PBXBuildFile; fileRef = 3962D7BD2BD6012C003C6581 /* Main.storyboard */; };
		3962D7C12BD6012E003C6581 /* Assets.xcassets in Resources */ = {isa = PBXBuildFile; fileRef = 3962D7C02BD6012E003C6581 /* Assets.xcassets */; };
		3962D7C42BD6012E003C6581 /* LaunchScreen.storyboard in Resources */ = {isa = PBXBuildFile; fileRef = 3962D7C22BD6012E003C6581 /* LaunchScreen.storyboard */; };
		3962D7C72BD6012E003C6581 /* main.m in Sources */ = {isa = PBXBuildFile; fileRef = 3962D7C62BD6012E003C6581 /* main.m */; };
		3962D7CF2BD60645003C6581 /* ZBInputAnimationView.m in Sources */ = {isa = PBXBuildFile; fileRef = 3962D7CD2BD60645003C6581 /* ZBInputAnimationView.m */; };
		3962D7ED2BD60704003C6581 /* LICENSE in Resources */ = {isa = PBXBuildFile; fileRef = 3962D7D12BD60704003C6581 /* LICENSE */; };
		3962D7EE2BD60704003C6581 /* NSLayoutConstraint+MASDebugAdditions.m in Sources */ = {isa = PBXBuildFile; fileRef = 3962D7D42BD60704003C6581 /* NSLayoutConstraint+MASDebugAdditions.m */; };
		3962D7EF2BD60704003C6581 /* ViewController+MASAdditions.m in Sources */ = {isa = PBXBuildFile; fileRef = 3962D7DD2BD60704003C6581 /* ViewController+MASAdditions.m */; };
		3962D7F02BD60704003C6581 /* MASCompositeConstraint.m in Sources */ = {isa = PBXBuildFile; fileRef = 3962D7E12BD60704003C6581 /* MASCompositeConstraint.m */; };
		3962D7F12BD60704003C6581 /* MASConstraintMaker.m in Sources */ = {isa = PBXBuildFile; fileRef = 3962D7E22BD60704003C6581 /* MASConstraintMaker.m */; };
		3962D7F22BD60704003C6581 /* MASLayoutConstraint.m in Sources */ = {isa = PBXBuildFile; fileRef = 3962D7E32BD60704003C6581 /* MASLayoutConstraint.m */; };
		3962D7F32BD60704003C6581 /* NSArray+MASAdditions.m in Sources */ = {isa = PBXBuildFile; fileRef = 3962D7E42BD60704003C6581 /* NSArray+MASAdditions.m */; };
		3962D7F42BD60704003C6581 /* View+MASAdditions.m in Sources */ = {isa = PBXBuildFile; fileRef = 3962D7E52BD60704003C6581 /* View+MASAdditions.m */; };
		3962D7F52BD60704003C6581 /* MASConstraint.m in Sources */ = {isa = PBXBuildFile; fileRef = 3962D7E82BD60704003C6581 /* MASConstraint.m */; };
		3962D7F62BD60704003C6581 /* MASViewConstraint.m in Sources */ = {isa = PBXBuildFile; fileRef = 3962D7EA2BD60704003C6581 /* MASViewConstraint.m */; };
		3962D7F72BD60704003C6581 /* MASViewAttribute.m in Sources */ = {isa = PBXBuildFile; fileRef = 3962D7EB2BD60704003C6581 /* MASViewAttribute.m */; };
		3962D7F82BD60704003C6581 /* README.md in Resources */ = {isa = PBXBuildFile; fileRef = 3962D7EC2BD60704003C6581 /* README.md */; };
/* End PBXBuildFile section */

/* Begin PBXFileReference section */
		3962D7B12BD6012C003C6581 /* ZBInputAnimationView.app */ = {isa = PBXFileReference; explicitFileType = wrapper.application; includeInIndex = 0; path = ZBInputAnimationView.app; sourceTree = BUILT_PRODUCTS_DIR; };
		3962D7B42BD6012C003C6581 /* AppDelegate.h */ = {isa = PBXFileReference; lastKnownFileType = sourcecode.c.h; path = AppDelegate.h; sourceTree = "<group>"; };
		3962D7B52BD6012C003C6581 /* AppDelegate.m */ = {isa = PBXFileReference; lastKnownFileType = sourcecode.c.objc; path = AppDelegate.m; sourceTree = "<group>"; };
		3962D7B72BD6012C003C6581 /* SceneDelegate.h */ = {isa = PBXFileReference; lastKnownFileType = sourcecode.c.h; path = SceneDelegate.h; sourceTree = "<group>"; };
		3962D7B82BD6012C003C6581 /* SceneDelegate.m */ = {isa = PBXFileReference; lastKnownFileType = sourcecode.c.objc; path = SceneDelegate.m; sourceTree = "<group>"; };
		3962D7BA2BD6012C003C6581 /* ViewController.h */ = {isa = PBXFileReference; lastKnownFileType = sourcecode.c.h; path = ViewController.h; sourceTree = "<group>"; };
		3962D7BB2BD6012C003C6581 /* ViewController.m */ = {isa = PBXFileReference; lastKnownFileType = sourcecode.c.objc; path = ViewController.m; sourceTree = "<group>"; };
		3962D7BE2BD6012C003C6581 /* Base */ = {isa = PBXFileReference; lastKnownFileType = file.storyboard; name = Base; path = Base.lproj/Main.storyboard; sourceTree = "<group>"; };
		3962D7C02BD6012E003C6581 /* Assets.xcassets */ = {isa = PBXFileReference; lastKnownFileType = folder.assetcatalog; path = Assets.xcassets; sourceTree = "<group>"; };
		3962D7C32BD6012E003C6581 /* Base */ = {isa = PBXFileReference; lastKnownFileType = file.storyboard; name = Base; path = Base.lproj/LaunchScreen.storyboard; sourceTree = "<group>"; };
		3962D7C52BD6012E003C6581 /* Info.plist */ = {isa = PBXFileReference; lastKnownFileType = text.plist.xml; path = Info.plist; sourceTree = "<group>"; };
		3962D7C62BD6012E003C6581 /* main.m */ = {isa = PBXFileReference; lastKnownFileType = sourcecode.c.objc; path = main.m; sourceTree = "<group>"; };
		3962D7CD2BD60645003C6581 /* ZBInputAnimationView.m */ = {isa = PBXFileReference; fileEncoding = 4; lastKnownFileType = sourcecode.c.objc; path = ZBInputAnimationView.m; sourceTree = "<group>"; };
		3962D7CE2BD60645003C6581 /* ZBInputAnimationView.h */ = {isa = PBXFileReference; fileEncoding = 4; lastKnownFileType = sourcecode.c.h; path = ZBInputAnimationView.h; sourceTree = "<group>"; };
		3962D7D12BD60704003C6581 /* LICENSE */ = {isa = PBXFileReference; fileEncoding = 4; lastKnownFileType = text; path = LICENSE; sourceTree = "<group>"; };
		3962D7D32BD60704003C6581 /* MASCompositeConstraint.h */ = {isa = PBXFileReference; fileEncoding = 4; lastKnownFileType = sourcecode.c.h; path = MASCompositeConstraint.h; sourceTree = "<group>"; };
		3962D7D42BD60704003C6581 /* NSLayoutConstraint+MASDebugAdditions.m */ = {isa = PBXFileReference; fileEncoding = 4; lastKnownFileType = sourcecode.c.objc; path = "NSLayoutConstraint+MASDebugAdditions.m"; sourceTree = "<group>"; };
		3962D7D52BD60704003C6581 /* MASConstraint+Private.h */ = {isa = PBXFileReference; fileEncoding = 4; lastKnownFileType = sourcecode.c.h; path = "MASConstraint+Private.h"; sourceTree = "<group>"; };
		3962D7D62BD60704003C6581 /* MASLayoutConstraint.h */ = {isa = PBXFileReference; fileEncoding = 4; lastKnownFileType = sourcecode.c.h; path = MASLayoutConstraint.h; sourceTree = "<group>"; };
		3962D7D72BD60704003C6581 /* NSArray+MASShorthandAdditions.h */ = {isa = PBXFileReference; fileEncoding = 4; lastKnownFileType = sourcecode.c.h; path = "NSArray+MASShorthandAdditions.h"; sourceTree = "<group>"; };
		3962D7D82BD60704003C6581 /* MASConstraintMaker.h */ = {isa = PBXFileReference; fileEncoding = 4; lastKnownFileType = sourcecode.c.h; path = MASConstraintMaker.h; sourceTree = "<group>"; };
		3962D7D92BD60704003C6581 /* View+MASAdditions.h */ = {isa = PBXFileReference; fileEncoding = 4; lastKnownFileType = sourcecode.c.h; path = "View+MASAdditions.h"; sourceTree = "<group>"; };
		3962D7DA2BD60704003C6581 /* NSArray+MASAdditions.h */ = {isa = PBXFileReference; fileEncoding = 4; lastKnownFileType = sourcecode.c.h; path = "NSArray+MASAdditions.h"; sourceTree = "<group>"; };
		3962D7DB2BD60704003C6581 /* MASUtilities.h */ = {isa = PBXFileReference; fileEncoding = 4; lastKnownFileType = sourcecode.c.h; path = MASUtilities.h; sourceTree = "<group>"; };
		3962D7DC2BD60704003C6581 /* MASViewAttribute.h */ = {isa = PBXFileReference; fileEncoding = 4; lastKnownFileType = sourcecode.c.h; path = MASViewAttribute.h; sourceTree = "<group>"; };
		3962D7DD2BD60704003C6581 /* ViewController+MASAdditions.m */ = {isa = PBXFileReference; fileEncoding = 4; lastKnownFileType = sourcecode.c.objc; path = "ViewController+MASAdditions.m"; sourceTree = "<group>"; };
		3962D7DE2BD60704003C6581 /* MASViewConstraint.h */ = {isa = PBXFileReference; fileEncoding = 4; lastKnownFileType = sourcecode.c.h; path = MASViewConstraint.h; sourceTree = "<group>"; };
		3962D7DF2BD60704003C6581 /* MASConstraint.h */ = {isa = PBXFileReference; fileEncoding = 4; lastKnownFileType = sourcecode.c.h; path = MASConstraint.h; sourceTree = "<group>"; };
		3962D7E02BD60704003C6581 /* NSLayoutConstraint+MASDebugAdditions.h */ = {isa = PBXFileReference; fileEncoding = 4; lastKnownFileType = sourcecode.c.h; path = "NSLayoutConstraint+MASDebugAdditions.h"; sourceTree = "<group>"; };
		3962D7E12BD60704003C6581 /* MASCompositeConstraint.m */ = {isa = PBXFileReference; fileEncoding = 4; lastKnownFileType = sourcecode.c.objc; path = MASCompositeConstraint.m; sourceTree = "<group>"; };
		3962D7E22BD60704003C6581 /* MASConstraintMaker.m */ = {isa = PBXFileReference; fileEncoding = 4; lastKnownFileType = sourcecode.c.objc; path = MASConstraintMaker.m; sourceTree = "<group>"; };
		3962D7E32BD60704003C6581 /* MASLayoutConstraint.m */ = {isa = PBXFileReference; fileEncoding = 4; lastKnownFileType = sourcecode.c.objc; path = MASLayoutConstraint.m; sourceTree = "<group>"; };
		3962D7E42BD60704003C6581 /* NSArray+MASAdditions.m */ = {isa = PBXFileReference; fileEncoding = 4; lastKnownFileType = sourcecode.c.objc; path = "NSArray+MASAdditions.m"; sourceTree = "<group>"; };
		3962D7E52BD60704003C6581 /* View+MASAdditions.m */ = {isa = PBXFileReference; fileEncoding = 4; lastKnownFileType = sourcecode.c.objc; path = "View+MASAdditions.m"; sourceTree = "<group>"; };
		3962D7E62BD60704003C6581 /* View+MASShorthandAdditions.h */ = {isa = PBXFileReference; fileEncoding = 4; lastKnownFileType = sourcecode.c.h; path = "View+MASShorthandAdditions.h"; sourceTree = "<group>"; };
		3962D7E72BD60704003C6581 /* Masonry.h */ = {isa = PBXFileReference; fileEncoding = 4; lastKnownFileType = sourcecode.c.h; path = Masonry.h; sourceTree = "<group>"; };
		3962D7E82BD60704003C6581 /* MASConstraint.m */ = {isa = PBXFileReference; fileEncoding = 4; lastKnownFileType = sourcecode.c.objc; path = MASConstraint.m; sourceTree = "<group>"; };
		3962D7E92BD60704003C6581 /* ViewController+MASAdditions.h */ = {isa = PBXFileReference; fileEncoding = 4; lastKnownFileType = sourcecode.c.h; path = "ViewController+MASAdditions.h"; sourceTree = "<group>"; };
		3962D7EA2BD60704003C6581 /* MASViewConstraint.m */ = {isa = PBXFileReference; fileEncoding = 4; lastKnownFileType = sourcecode.c.objc; path = MASViewConstraint.m; sourceTree = "<group>"; };
		3962D7EB2BD60704003C6581 /* MASViewAttribute.m */ = {isa = PBXFileReference; fileEncoding = 4; lastKnownFileType = sourcecode.c.objc; path = MASViewAttribute.m; sourceTree = "<group>"; };
		3962D7EC2BD60704003C6581 /* README.md */ = {isa = PBXFileReference; fileEncoding = 4; lastKnownFileType = net.daringfireball.markdown; path = README.md; sourceTree = "<group>"; };
/* End PBXFileReference section */

/* Begin PBXFrameworksBuildPhase section */
		3962D7AE2BD6012C003C6581 /* Frameworks */ = {
			isa = PBXFrameworksBuildPhase;
			buildActionMask = 2147483647;
			files = (
			);
			runOnlyForDeploymentPostprocessing = 0;
		};
/* End PBXFrameworksBuildPhase section */

/* Begin PBXGroup section */
		3962D7A82BD6012C003C6581 = {
			isa = PBXGroup;
			children = (
				3962D7B32BD6012C003C6581 /* ZBInputAnimationView */,
				3962D7B22BD6012C003C6581 /* Products */,
			);
			sourceTree = "<group>";
		};
		3962D7B22BD6012C003C6581 /* Products */ = {
			isa = PBXGroup;
			children = (
				3962D7B12BD6012C003C6581 /* ZBInputAnimationView.app */,
			);
			name = Products;
			sourceTree = "<group>";
		};
		3962D7B32BD6012C003C6581 /* ZBInputAnimationView */ = {
			isa = PBXGroup;
			children = (
				3962D7B42BD6012C003C6581 /* AppDelegate.h */,
				3962D7B52BD6012C003C6581 /* AppDelegate.m */,
				3962D7B72BD6012C003C6581 /* SceneDelegate.h */,
				3962D7B82BD6012C003C6581 /* SceneDelegate.m */,
				3962D7BA2BD6012C003C6581 /* ViewController.h */,
				3962D7BB2BD6012C003C6581 /* ViewController.m */,
				3962D7CE2BD60645003C6581 /* ZBInputAnimationView.h */,
				3962D7CD2BD60645003C6581 /* ZBInputAnimationView.m */,
				3962D7BD2BD6012C003C6581 /* Main.storyboard */,
				3962D7C02BD6012E003C6581 /* Assets.xcassets */,
				3962D7C22BD6012E003C6581 /* LaunchScreen.storyboard */,
				3962D7C52BD6012E003C6581 /* Info.plist */,
				3962D7C62BD6012E003C6581 /* main.m */,
				3962D7D02BD60704003C6581 /* Masonry */,
			);
			path = ZBInputAnimationView;
			sourceTree = "<group>";
		};
		3962D7D02BD60704003C6581 /* Masonry */ = {
			isa = PBXGroup;
			children = (
				3962D7D12BD60704003C6581 /* LICENSE */,
				3962D7D22BD60704003C6581 /* Masonry */,
				3962D7EC2BD60704003C6581 /* README.md */,
			);
			path = Masonry;
			sourceTree = "<group>";
		};
		3962D7D22BD60704003C6581 /* Masonry */ = {
			isa = PBXGroup;
			children = (
				3962D7D32BD60704003C6581 /* MASCompositeConstraint.h */,
				3962D7D42BD60704003C6581 /* NSLayoutConstraint+MASDebugAdditions.m */,
				3962D7D52BD60704003C6581 /* MASConstraint+Private.h */,
				3962D7D62BD60704003C6581 /* MASLayoutConstraint.h */,
				3962D7D72BD60704003C6581 /* NSArray+MASShorthandAdditions.h */,
				3962D7D82BD60704003C6581 /* MASConstraintMaker.h */,
				3962D7D92BD60704003C6581 /* View+MASAdditions.h */,
				3962D7DA2BD60704003C6581 /* NSArray+MASAdditions.h */,
				3962D7DB2BD60704003C6581 /* MASUtilities.h */,
				3962D7DC2BD60704003C6581 /* MASViewAttribute.h */,
				3962D7DD2BD60704003C6581 /* ViewController+MASAdditions.m */,
				3962D7DE2BD60704003C6581 /* MASViewConstraint.h */,
				3962D7DF2BD60704003C6581 /* MASConstraint.h */,
				3962D7E02BD60704003C6581 /* NSLayoutConstraint+MASDebugAdditions.h */,
				3962D7E12BD60704003C6581 /* MASCompositeConstraint.m */,
				3962D7E22BD60704003C6581 /* MASConstraintMaker.m */,
				3962D7E32BD60704003C6581 /* MASLayoutConstraint.m */,
				3962D7E42BD60704003C6581 /* NSArray+MASAdditions.m */,
				3962D7E52BD60704003C6581 /* View+MASAdditions.m */,
				3962D7E62BD60704003C6581 /* View+MASShorthandAdditions.h */,
				3962D7E72BD60704003C6581 /* Masonry.h */,
				3962D7E82BD60704003C6581 /* MASConstraint.m */,
				3962D7E92BD60704003C6581 /* ViewController+MASAdditions.h */,
				3962D7EA2BD60704003C6581 /* MASViewConstraint.m */,
				3962D7EB2BD60704003C6581 /* MASViewAttribute.m */,
			);
			path = Masonry;
			sourceTree = "<group>";
		};
/* End PBXGroup section */

/* Begin PBXNativeTarget section */
		3962D7B02BD6012C003C6581 /* ZBInputAnimationView */ = {
			isa = PBXNativeTarget;
			buildConfigurationList = 3962D7CA2BD6012E003C6581 /* Build configuration list for PBXNativeTarget "ZBInputAnimationView" */;
			buildPhases = (
				3962D7AD2BD6012C003C6581 /* Sources */,
				3962D7AE2BD6012C003C6581 /* Frameworks */,
				3962D7AF2BD6012C003C6581 /* Resources */,
			);
			buildRules = (
			);
			dependencies = (
			);
			name = ZBInputAnimationView;
			productName = ZBInputAnimationView;
			productReference = 3962D7B12BD6012C003C6581 /* ZBInputAnimationView.app */;
			productType = "com.apple.product-type.application";
		};
/* End PBXNativeTarget section */

/* Begin PBXProject section */
		3962D7A92BD6012C003C6581 /* Project object */ = {
			isa = PBXProject;
			attributes = {
				BuildIndependentTargetsInParallel = 1;
				LastUpgradeCheck = 1430;
				TargetAttributes = {
					3962D7B02BD6012C003C6581 = {
						CreatedOnToolsVersion = 14.3.1;
					};
				};
			};
			buildConfigurationList = 3962D7AC2BD6012C003C6581 /* Build configuration list for PBXProject "ZBInputAnimationView" */;
			compatibilityVersion = "Xcode 14.0";
			developmentRegion = en;
			hasScannedForEncodings = 0;
			knownRegions = (
				en,
				Base,
			);
			mainGroup = 3962D7A82BD6012C003C6581;
			productRefGroup = 3962D7B22BD6012C003C6581 /* Products */;
			projectDirPath = "";
			projectRoot = "";
			targets = (
				3962D7B02BD6012C003C6581 /* ZBInputAnimationView */,
			);
		};
/* End PBXProject section */

/* Begin PBXResourcesBuildPhase section */
		3962D7AF2BD6012C003C6581 /* Resources */ = {
			isa = PBXResourcesBuildPhase;
			buildActionMask = 2147483647;
			files = (
				3962D7C42BD6012E003C6581 /* LaunchScreen.storyboard in Resources */,
				3962D7C12BD6012E003C6581 /* Assets.xcassets in Resources */,
				3962D7F82BD60704003C6581 /* README.md in Resources */,
				3962D7ED2BD60704003C6581 /* LICENSE in Resources */,
				3962D7BF2BD6012C003C6581 /* Main.storyboard in Resources */,
			);
			runOnlyForDeploymentPostprocessing = 0;
		};
/* End PBXResourcesBuildPhase section */

/* Begin PBXSourcesBuildPhase section */
		3962D7AD2BD6012C003C6581 /* Sources */ = {
			isa = PBXSourcesBuildPhase;
			buildActionMask = 2147483647;
			files = (
				3962D7BC2BD6012C003C6581 /* ViewController.m in Sources */,
				3962D7B62BD6012C003C6581 /* AppDelegate.m in Sources */,
				3962D7F22BD60704003C6581 /* MASLayoutConstraint.m in Sources */,
				3962D7CF2BD60645003C6581 /* ZBInputAnimationView.m in Sources */,
				3962D7C72BD6012E003C6581 /* main.m in Sources */,
				3962D7F72BD60704003C6581 /* MASViewAttribute.m in Sources */,
				3962D7F32BD60704003C6581 /* NSArray+MASAdditions.m in Sources */,
				3962D7F02BD60704003C6581 /* MASCompositeConstraint.m in Sources */,
				3962D7F12BD60704003C6581 /* MASConstraintMaker.m in Sources */,
				3962D7F42BD60704003C6581 /* View+MASAdditions.m in Sources */,
				3962D7EF2BD60704003C6581 /* ViewController+MASAdditions.m in Sources */,
				3962D7B92BD6012C003C6581 /* SceneDelegate.m in Sources */,
				3962D7F62BD60704003C6581 /* MASViewConstraint.m in Sources */,
				3962D7EE2BD60704003C6581 /* NSLayoutConstraint+MASDebugAdditions.m in Sources */,
				3962D7F52BD60704003C6581 /* MASConstraint.m in Sources */,
			);
			runOnlyForDeploymentPostprocessing = 0;
		};
/* End PBXSourcesBuildPhase section */

/* Begin PBXVariantGroup section */
		3962D7BD2BD6012C003C6581 /* Main.storyboard */ = {
			isa = PBXVariantGroup;
			children = (
				3962D7BE2BD6012C003C6581 /* Base */,
			);
			name = Main.storyboard;
			sourceTree = "<group>";
		};
		3962D7C22BD6012E003C6581 /* LaunchScreen.storyboard */ = {
			isa = PBXVariantGroup;
			children = (
				3962D7C32BD6012E003C6581 /* Base */,
			);
			name = LaunchScreen.storyboard;
			sourceTree = "<group>";
		};
/* End PBXVariantGroup section */

/* Begin XCBuildConfiguration section */
		3962D7C82BD6012E003C6581 /* Debug */ = {
			isa = XCBuildConfiguration;
			buildSettings = {
				ALWAYS_SEARCH_USER_PATHS = NO;
				CLANG_ANALYZER_NONNULL = YES;
				CLANG_ANALYZER_NUMBER_OBJECT_CONVERSION = YES_AGGRESSIVE;
				CLANG_CXX_LANGUAGE_STANDARD = "gnu++20";
				CLANG_ENABLE_MODULES = YES;
				CLANG_ENABLE_OBJC_ARC = YES;
				CLANG_ENABLE_OBJC_WEAK = YES;
				CLANG_WARN_BLOCK_CAPTURE_AUTORELEASING = YES;
				CLANG_WARN_BOOL_CONVERSION = YES;
				CLANG_WARN_COMMA = YES;
				CLANG_WARN_CONSTANT_CONVERSION = YES;
				CLANG_WARN_DEPRECATED_OBJC_IMPLEMENTATIONS = YES;
				CLANG_WARN_DIRECT_OBJC_ISA_USAGE = YES_ERROR;
				CLANG_WARN_DOCUMENTATION_COMMENTS = YES;
				CLANG_WARN_EMPTY_BODY = YES;
				CLANG_WARN_ENUM_CONVERSION = YES;
				CLANG_WARN_INFINITE_RECURSION = YES;
				CLANG_WARN_INT_CONVERSION = YES;
				CLANG_WARN_NON_LITERAL_NULL_CONVERSION = YES;
				CLANG_WARN_OBJC_IMPLICIT_RETAIN_SELF = YES;
				CLANG_WARN_OBJC_LITERAL_CONVERSION = YES;
				CLANG_WARN_OBJC_ROOT_CLASS = YES_ERROR;
				CLANG_WARN_QUOTED_INCLUDE_IN_FRAMEWORK_HEADER = YES;
				CLANG_WARN_RANGE_LOOP_ANALYSIS = YES;
				CLANG_WARN_STRICT_PROTOTYPES = YES;
				CLANG_WARN_SUSPICIOUS_MOVE = YES;
				CLANG_WARN_UNGUARDED_AVAILABILITY = YES_AGGRESSIVE;
				CLANG_WARN_UNREACHABLE_CODE = YES;
				CLANG_WARN__DUPLICATE_METHOD_MATCH = YES;
				COPY_PHASE_STRIP = NO;
				DEBUG_INFORMATION_FORMAT = dwarf;
				ENABLE_STRICT_OBJC_MSGSEND = YES;
				ENABLE_TESTABILITY = YES;
				GCC_C_LANGUAGE_STANDARD = gnu11;
				GCC_DYNAMIC_NO_PIC = NO;
				GCC_NO_COMMON_BLOCKS = YES;
				GCC_OPTIMIZATION_LEVEL = 0;
				GCC_PREPROCESSOR_DEFINITIONS = (
					"DEBUG=1",
					"$(inherited)",
				);
				GCC_WARN_64_TO_32_BIT_CONVERSION = YES;
				GCC_WARN_ABOUT_RETURN_TYPE = YES_ERROR;
				GCC_WARN_UNDECLARED_SELECTOR = YES;
				GCC_WARN_UNINITIALIZED_AUTOS = YES_AGGRESSIVE;
				GCC_WARN_UNUSED_FUNCTION = YES;
				GCC_WARN_UNUSED_VARIABLE = YES;
				IPHONEOS_DEPLOYMENT_TARGET = 16.4;
				MTL_ENABLE_DEBUG_INFO = INCLUDE_SOURCE;
				MTL_FAST_MATH = YES;
				ONLY_ACTIVE_ARCH = YES;
				SDKROOT = iphoneos;
			};
			name = Debug;
		};
		3962D7C92BD6012E003C6581 /* Release */ = {
			isa = XCBuildConfiguration;
			buildSettings = {
				ALWAYS_SEARCH_USER_PATHS = NO;
				CLANG_ANALYZER_NONNULL = YES;
				CLANG_ANALYZER_NUMBER_OBJECT_CONVERSION = YES_AGGRESSIVE;
				CLANG_CXX_LANGUAGE_STANDARD = "gnu++20";
				CLANG_ENABLE_MODULES = YES;
				CLANG_ENABLE_OBJC_ARC = YES;
				CLANG_ENABLE_OBJC_WEAK = YES;
				CLANG_WARN_BLOCK_CAPTURE_AUTORELEASING = YES;
				CLANG_WARN_BOOL_CONVERSION = YES;
				CLANG_WARN_COMMA = YES;
				CLANG_WARN_CONSTANT_CONVERSION = YES;
				CLANG_WARN_DEPRECATED_OBJC_IMPLEMENTATIONS = YES;
				CLANG_WARN_DIRECT_OBJC_ISA_USAGE = YES_ERROR;
				CLANG_WARN_DOCUMENTATION_COMMENTS = YES;
				CLANG_WARN_EMPTY_BODY = YES;
				CLANG_WARN_ENUM_CONVERSION = YES;
				CLANG_WARN_INFINITE_RECURSION = YES;
				CLANG_WARN_INT_CONVERSION = YES;
				CLANG_WARN_NON_LITERAL_NULL_CONVERSION = YES;
				CLANG_WARN_OBJC_IMPLICIT_RETAIN_SELF = YES;
				CLANG_WARN_OBJC_LITERAL_CONVERSION = YES;
				CLANG_WARN_OBJC_ROOT_CLASS = YES_ERROR;
				CLANG_WARN_QUOTED_INCLUDE_IN_FRAMEWORK_HEADER = YES;
				CLANG_WARN_RANGE_LOOP_ANALYSIS = YES;
				CLANG_WARN_STRICT_PROTOTYPES = YES;
				CLANG_WARN_SUSPICIOUS_MOVE = YES;
				CLANG_WARN_UNGUARDED_AVAILABILITY = YES_AGGRESSIVE;
				CLANG_WARN_UNREACHABLE_CODE = YES;
				CLANG_WARN__DUPLICATE_METHOD_MATCH = YES;
				COPY_PHASE_STRIP = NO;
				DEBUG_INFORMATION_FORMAT = "dwarf-with-dsym";
				ENABLE_NS_ASSERTIONS = NO;
				ENABLE_STRICT_OBJC_MSGSEND = YES;
				GCC_C_LANGUAGE_STANDARD = gnu11;
				GCC_NO_COMMON_BLOCKS = YES;
				GCC_WARN_64_TO_32_BIT_CONVERSION = YES;
				GCC_WARN_ABOUT_RETURN_TYPE = YES_ERROR;
				GCC_WARN_UNDECLARED_SELECTOR = YES;
				GCC_WARN_UNINITIALIZED_AUTOS = YES_AGGRESSIVE;
				GCC_WARN_UNUSED_FUNCTION = YES;
				GCC_WARN_UNUSED_VARIABLE = YES;
				IPHONEOS_DEPLOYMENT_TARGET = 16.4;
				MTL_ENABLE_DEBUG_INFO = NO;
				MTL_FAST_MATH = YES;
				SDKROOT = iphoneos;
				VALIDATE_PRODUCT = YES;
			};
			name = Release;
		};
		3962D7CB2BD6012E003C6581 /* Debug */ = {
			isa = XCBuildConfiguration;
			buildSettings = {
				ASSETCATALOG_COMPILER_APPICON_NAME = AppIcon;
				ASSETCATALOG_COMPILER_GLOBAL_ACCENT_COLOR_NAME = AccentColor;
				CODE_SIGN_STYLE = Automatic;
				CURRENT_PROJECT_VERSION = 1;
				DEVELOPMENT_TEAM = BNV27HH5PK;
				GENERATE_INFOPLIST_FILE = YES;
				INFOPLIST_FILE = ZBInputAnimationView/Info.plist;
				INFOPLIST_KEY_UIApplicationSupportsIndirectInputEvents = YES;
				INFOPLIST_KEY_UILaunchStoryboardName = LaunchScreen;
				INFOPLIST_KEY_UIMainStoryboardFile = Main;
				INFOPLIST_KEY_UISupportedInterfaceOrientations_iPad = "UIInterfaceOrientationPortrait UIInterfaceOrientationPortraitUpsideDown UIInterfaceOrientationLandscapeLeft UIInterfaceOrientationLandscapeRight";
				INFOPLIST_KEY_UISupportedInterfaceOrientations_iPhone = "UIInterfaceOrientationPortrait UIInterfaceOrientationLandscapeLeft UIInterfaceOrientationLandscapeRight";
				IPHONEOS_DEPLOYMENT_TARGET = 11.0;
				LD_RUNPATH_SEARCH_PATHS = (
					"$(inherited)",
					"@executable_path/Frameworks",
				);
				MARKETING_VERSION = 1.0;
				PRODUCT_BUNDLE_IDENTIFIER = com.zhoubo.ZBInputAnimationView;
				PRODUCT_NAME = "$(TARGET_NAME)";
				SWIFT_EMIT_LOC_STRINGS = YES;
				TARGETED_DEVICE_FAMILY = "1,2";
			};
			name = Debug;
		};
		3962D7CC2BD6012E003C6581 /* Release */ = {
			isa = XCBuildConfiguration;
			buildSettings = {
				ASSETCATALOG_COMPILER_APPICON_NAME = AppIcon;
				ASSETCATALOG_COMPILER_GLOBAL_ACCENT_COLOR_NAME = AccentColor;
				CODE_SIGN_STYLE = Automatic;
				CURRENT_PROJECT_VERSION = 1;
				DEVELOPMENT_TEAM = BNV27HH5PK;
				GENERATE_INFOPLIST_FILE = YES;
				INFOPLIST_FILE = ZBInputAnimationView/Info.plist;
				INFOPLIST_KEY_UIApplicationSupportsIndirectInputEvents = YES;
				INFOPLIST_KEY_UILaunchStoryboardName = LaunchScreen;
				INFOPLIST_KEY_UIMainStoryboardFile = Main;
				INFOPLIST_KEY_UISupportedInterfaceOrientations_iPad = "UIInterfaceOrientationPortrait UIInterfaceOrientationPortraitUpsideDown UIInterfaceOrientationLandscapeLeft UIInterfaceOrientationLandscapeRight";
				INFOPLIST_KEY_UISupportedInterfaceOrientations_iPhone = "UIInterfaceOrientationPortrait UIInterfaceOrientationLandscapeLeft UIInterfaceOrientationLandscapeRight";
				IPHONEOS_DEPLOYMENT_TARGET = 11.0;
				LD_RUNPATH_SEARCH_PATHS = (
					"$(inherited)",
					"@executable_path/Frameworks",
				);
				MARKETING_VERSION = 1.0;
				PRODUCT_BUNDLE_IDENTIFIER = com.zhoubo.ZBInputAnimationView;
				PRODUCT_NAME = "$(TARGET_NAME)";
				SWIFT_EMIT_LOC_STRINGS = YES;
				TARGETED_DEVICE_FAMILY = "1,2";
			};
			name = Release;
		};
/* End XCBuildConfiguration section */

/* Begin XCConfigurationList section */
		3962D7AC2BD6012C003C6581 /* Build configuration list for PBXProject "ZBInputAnimationView" */ = {
			isa = XCConfigurationList;
			buildConfigurations = (
				3962D7C82BD6012E003C6581 /* Debug */,
				3962D7C92BD6012E003C6581 /* Release */,
			);
			defaultConfigurationIsVisible = 0;
			defaultConfigurationName = Release;
		};
		3962D7CA2BD6012E003C6581 /* Build configuration list for PBXNativeTarget "ZBInputAnimationView" */ = {
			isa = XCConfigurationList;
			buildConfigurations = (
				3962D7CB2BD6012E003C6581 /* Debug */,
				3962D7CC2BD6012E003C6581 /* Release */,
			);
			defaultConfigurationIsVisible = 0;
			defaultConfigurationName = Release;
		};
/* End XCConfigurationList section */
	};
	rootObject = 3962D7A92BD6012C003C6581 /* Project object */;
}
